<?xml version="1.0" encoding="utf-8"?>
<Project ToolsVersion="4.0" xmlns="http://schemas.microsoft.com/developer/msbuild/2003">
  <ItemGroup>
    <ClCompile Include="src\CombateElVirus.cpp">
      <Filter>Archivos de código fuente</Filter>
    </ClCompile>
    <ClCompile Include="src\Vector2D.cpp">
      <Filter>Archivos de código fuente</Filter>
    </ClCompile>
    <ClCompile Include="src\Entorno.cpp">
      <Filter>Archivos de código fuente\MUNDO\Entorno</Filter>
    </ClCompile>
    <ClCompile Include="src\Mundo.cpp">
      <Filter>Archivos de código fuente\MUNDO</Filter>
    </ClCompile>
    <ClCompile Include="src\Limites.cpp">
      <Filter>Archivos de código fuente\MUNDO\Limites</Filter>
    </ClCompile>
    <ClCompile Include="src\Pared.cpp">
      <Filter>Archivos de código fuente\MUNDO\Limites\Pared</Filter>
    </ClCompile>
    <ClCompile Include="src\ListaDisparos.cpp">
      <Filter>Archivos de código fuente\MUNDO\Interacciones</Filter>
    </ClCompile>
    <ClCompile Include="src\Interaccion.cpp">
      <Filter>Archivos de código fuente\MUNDO\Interacciones</Filter>
    </ClCompile>
    <ClCompile Include="src\Hombre.cpp">
      <Filter>Archivos de código fuente\MUNDO\Personajes\Jugador</Filter>
    </ClCompile>
    <ClCompile Include="src\Disparo.cpp">
      <Filter>Archivos de código fuente\MUNDO\Interacciones</Filter>
    </ClCompile>
    <ClCompile Include="src\Lanzamisiles.cpp">
      <Filter>Archivos de código fuente\MUNDO\Personajes\Enemigos</Filter>
    </ClCompile>
    <ClCompile Include="src\Listalanzamisiles.cpp">
      <Filter>Archivos de código fuente\MUNDO\Personajes\Enemigos</Filter>
    </ClCompile>
    <ClCompile Include="src\Listamisiles.cpp">
      <Filter>Archivos de código fuente\MUNDO\Personajes\Enemigos</Filter>
    </ClCompile>
    <ClCompile Include="src\Misil.cpp">
      <Filter>Archivos de código fuente\MUNDO\Personajes\Enemigos</Filter>
    </ClCompile>
    <ClCompile Include="src\Virus.cpp">
      <Filter>Archivos de código fuente\MUNDO\Personajes\Enemigos</Filter>
    </ClCompile>
    <ClCompile Include="src\Personajes.cpp">
      <Filter>Archivos de código fuente\MUNDO\Personajes</Filter>
    </ClCompile>
    <ClCompile Include="src\Vidas.cpp">
      <Filter>Archivos de código fuente\MUNDO\Entorno\Vidas</Filter>
    </ClCompile>
    <ClCompile Include="src\Plataformas.cpp">
      <Filter>Archivos de código fuente\MUNDO\Limites</Filter>
    </ClCompile>
    <ClCompile Include="src\ListaPlataformas.cpp">
      <Filter>Archivos de código fuente\MUNDO\Limites</Filter>
    </ClCompile>
    <ClCompile Include="src\Amigo.cpp">
      <Filter>Archivos de código fuente\MUNDO\Personajes</Filter>
    </ClCompile>
    <ClCompile Include="src\ListaVirus.cpp">
      <Filter>Archivos de código fuente\MUNDO\Personajes\Enemigos</Filter>
    </ClCompile>
    <ClCompile Include="src\BordesChoca.cpp">
      <Filter>Archivos de código fuente\MUNDO\Limites</Filter>
    </ClCompile>
    <ClCompile Include="src\BordesSube.cpp">
      <Filter>Archivos de código fuente\MUNDO\Limites</Filter>
    </ClCompile>
    <ClCompile Include="src\ListaBordesSube.cpp">
      <Filter>Archivos de código fuente\MUNDO\Limites</Filter>
    </ClCompile>
    <ClCompile Include="src\AuxEtsidi.cpp">
      <Filter>Archivos de código fuente\MUNDO</Filter>
    </ClCompile>
    <ClCompile Include="src\VirusSeta.cpp">
      <Filter>Archivos de código fuente\MUNDO\Personajes\Enemigos</Filter>
    </ClCompile>
    <ClCompile Include="src\Bonus.cpp">
      <Filter>Archivos de código fuente\MUNDO\Interacciones\BONUS</Filter>
    </ClCompile>
    <ClCompile Include="src\BonusMascarilla.cpp">
      <Filter>Archivos de código fuente\MUNDO\Interacciones\BONUS</Filter>
    </ClCompile>
    <ClCompile Include="src\ListaBonusMascarilla.cpp">
      <Filter>Archivos de código fuente\MUNDO\Interacciones\BONUS</Filter>
    </ClCompile>
    <ClCompile Include="src\BonusTest.cpp">
      <Filter>Archivos de código fuente\MUNDO\Interacciones\BONUS</Filter>
    </ClCompile>
    <ClCompile Include="src\ListaBonusTest.cpp">
      <Filter>Archivos de código fuente\MUNDO\Interacciones\BONUS</Filter>
    </ClCompile>
    <ClCompile Include="src\VirusBaba.cpp">
      <Filter>Archivos de código fuente\MUNDO\Personajes\Enemigos</Filter>
    </ClCompile>
    <ClCompile Include="src\VirusMosca.cpp">
      <Filter>Archivos de código fuente\MUNDO\Personajes\Enemigos</Filter>
    </ClCompile>
    <ClCompile Include="F.cpp">
      <Filter>Archivos de código fuente</Filter>
    </ClCompile>
    <ClCompile Include="src\Coordinador.cpp">
      <Filter>Archivos de código fuente</Filter>
    </ClCompile>
  </ItemGroup>
  <ItemGroup>
    <ClInclude Include="lib\ETSIDI.h">
      <Filter>Archivos de encabezado</Filter>
    </ClInclude>
    <ClInclude Include="src\Vector2D.h">
      <Filter>Archivos de encabezado</Filter>
    </ClInclude>
    <ClInclude Include="src\Entorno.h">
      <Filter>Archivos de encabezado\MUNDO\Entorno</Filter>
    </ClInclude>
    <ClInclude Include="src\Limites.h">
      <Filter>Archivos de encabezado\MUNDO\Limites</Filter>
    </ClInclude>
    <ClInclude Include="src\Mundo.h">
      <Filter>Archivos de encabezado\MUNDO</Filter>
    </ClInclude>
    <ClInclude Include="src\Interaccion.h">
      <Filter>Archivos de encabezado\MUNDO\Interacciones</Filter>
    </ClInclude>
    <ClInclude Include="src\Disparo.h">
      <Filter>Archivos de encabezado\MUNDO\Interacciones</Filter>
    </ClInclude>
    <ClInclude Include="src\Hombre.h">
      <Filter>Archivos de encabezado\MUNDO\Personajes\Jugador</Filter>
    </ClInclude>
    <ClInclude Include="src\Pared.h">
      <Filter>Archivos de encabezado\MUNDO\Limites\Pared</Filter>
    </ClInclude>
    <ClInclude Include="src\ListaDisparos.h">
      <Filter>Archivos de encabezado\MUNDO\Interacciones</Filter>
    </ClInclude>
    <ClInclude Include="src\Listamisiles.h">
      <Filter>Archivos de encabezado\MUNDO\Personajes\Enemigos</Filter>
    </ClInclude>
    <ClInclude Include="src\Lanzamisiles.h">
      <Filter>Archivos de encabezado\MUNDO\Personajes\Enemigos</Filter>
    </ClInclude>
    <ClInclude Include="src\Listalanzamisiles.h">
      <Filter>Archivos de encabezado\MUNDO\Personajes\Enemigos</Filter>
    </ClInclude>
    <ClInclude Include="src\Misil.h">
      <Filter>Archivos de encabezado\MUNDO\Personajes\Enemigos</Filter>
    </ClInclude>
    <ClInclude Include="src\Virus.h">
      <Filter>Archivos de encabezado\MUNDO\Personajes\Enemigos</Filter>
    </ClInclude>
    <ClInclude Include="src\Personajes.h">
      <Filter>Archivos de encabezado\MUNDO\Personajes</Filter>
    </ClInclude>
    <ClInclude Include="src\Vidas.h">
      <Filter>Archivos de encabezado\MUNDO\Entorno\Vidas</Filter>
    </ClInclude>
    <ClInclude Include="src\Plataformas.h">
      <Filter>Archivos de encabezado\MUNDO\Limites</Filter>
    </ClInclude>
    <ClInclude Include="src\ListaPlatafomas.h">
      <Filter>Archivos de encabezado\MUNDO\Limites</Filter>
    </ClInclude>
    <ClInclude Include="src\Amigo.h">
      <Filter>Archivos de encabezado\MUNDO\Personajes</Filter>
    </ClInclude>
    <ClInclude Include="src\ListaVirus.h">
      <Filter>Archivos de encabezado\MUNDO\Personajes\Enemigos</Filter>
    </ClInclude>
    <ClInclude Include="src\BordesSube.h">
      <Filter>Archivos de encabezado\MUNDO\Limites</Filter>
    </ClInclude>
    <ClInclude Include="src\BordesChoca.h">
      <Filter>Archivos de encabezado\MUNDO\Limites</Filter>
    </ClInclude>
    <ClInclude Include="src\ListaBordesSube.h">
      <Filter>Archivos de encabezado\MUNDO\Limites</Filter>
    </ClInclude>
    <ClInclude Include="src\AuxEtsidi.h">
      <Filter>Archivos de encabezado\MUNDO</Filter>
    </ClInclude>
    <ClInclude Include="src\VirusSeta.h">
      <Filter>Archivos de encabezado\MUNDO\Personajes\Enemigos</Filter>
    </ClInclude>
    <ClInclude Include="src\Bonus.h">
      <Filter>Archivos de encabezado\MUNDO\Interacciones\BONUS</Filter>
    </ClInclude>
    <ClInclude Include="src\BonusMascarilla.h">
      <Filter>Archivos de encabezado\MUNDO\Interacciones\BONUS</Filter>
    </ClInclude>
    <ClInclude Include="src\ListaBonusMascarilla.h">
      <Filter>Archivos de encabezado\MUNDO\Interacciones\BONUS</Filter>
    </ClInclude>
    <ClInclude Include="src\BonusTest.h">
      <Filter>Archivos de encabezado\MUNDO\Interacciones\BONUS</Filter>
    </ClInclude>
    <ClInclude Include="src\ListaBonusTest.h">
      <Filter>Archivos de encabezado\MUNDO\Interacciones\BONUS</Filter>
    </ClInclude>
    <ClInclude Include="src\VirusBaba.h">
      <Filter>Archivos de encabezado\MUNDO\Personajes\Enemigos</Filter>
    </ClInclude>
    <ClInclude Include="src\VirusMosca.h">
      <Filter>Archivos de encabezado\MUNDO\Personajes\Enemigos</Filter>
    </ClInclude>
    <ClInclude Include="src\Coordinador.h">
      <Filter>Archivos de encabezado</Filter>
    </ClInclude>
  </ItemGroup>
  <ItemGroup>
    <Filter Include="Archivos de código fuente">
      <UniqueIdentifier>{fa8da9e5-19f1-46bf-a0c6-218250020f46}</UniqueIdentifier>
    </Filter>
    <Filter Include="Archivos de encabezado">
      <UniqueIdentifier>{1ef2049d-58a8-4019-9612-5b2905bc5cc3}</UniqueIdentifier>
    </Filter>
    <Filter Include="Archivos de recursos">
      <UniqueIdentifier>{6cc79d56-f93d-4657-a8f7-84bec658b90c}</UniqueIdentifier>
    </Filter>
    <Filter Include="Archivos de código fuente\MUNDO">
      <UniqueIdentifier>{cbd26dec-9e5f-4c8c-9514-41a81b379e5e}</UniqueIdentifier>
    </Filter>
    <Filter Include="Archivos de código fuente\MUNDO\Entorno">
      <UniqueIdentifier>{1a8c15a2-016b-4ef2-817f-5ce42ec36f72}</UniqueIdentifier>
    </Filter>
    <Filter Include="Archivos de encabezado\MUNDO">
      <UniqueIdentifier>{da8882ef-f6d7-47aa-bcef-e3cdf740ab72}</UniqueIdentifier>
    </Filter>
    <Filter Include="Archivos de encabezado\MUNDO\Entorno">
      <UniqueIdentifier>{d0eed63d-3515-44d4-8bb0-cb6ee8257344}</UniqueIdentifier>
    </Filter>
    <Filter Include="Archivos de código fuente\MUNDO\Interacciones">
      <UniqueIdentifier>{ffb6a55d-c459-437b-b195-a59de3df8982}</UniqueIdentifier>
    </Filter>
    <Filter Include="Archivos de código fuente\MUNDO\Limites">
      <UniqueIdentifier>{0bc5bbee-4772-46bc-bb6f-53b24a4ed9a8}</UniqueIdentifier>
    </Filter>
    <Filter Include="Archivos de encabezado\MUNDO\Interacciones">
      <UniqueIdentifier>{f2489a53-e3fc-4d90-838d-ae0b9eb9e086}</UniqueIdentifier>
    </Filter>
    <Filter Include="Archivos de encabezado\MUNDO\Limites">
      <UniqueIdentifier>{0bf669e0-5db9-4c90-a8d3-adba10b9dd03}</UniqueIdentifier>
    </Filter>
    <Filter Include="Archivos de encabezado\MUNDO\Personajes">
      <UniqueIdentifier>{349aad39-c946-4e9f-9923-49c8b29abb5e}</UniqueIdentifier>
    </Filter>
    <Filter Include="Archivos de encabezado\MUNDO\Personajes\Jugador">
      <UniqueIdentifier>{ee3477f3-c889-4951-95dc-b3589fbee260}</UniqueIdentifier>
    </Filter>
    <Filter Include="Archivos de encabezado\MUNDO\Limites\Pared">
      <UniqueIdentifier>{73adc0ac-2623-46ba-bf51-d19ab29bae34}</UniqueIdentifier>
    </Filter>
    <Filter Include="Archivos de código fuente\MUNDO\Limites\Pared">
      <UniqueIdentifier>{12b7aa14-c587-4427-8681-7773b7745c87}</UniqueIdentifier>
    </Filter>
    <Filter Include="Archivos de código fuente\MUNDO\Personajes">
      <UniqueIdentifier>{ca6cc81b-84dd-48bc-96fe-23e41c1cba37}</UniqueIdentifier>
    </Filter>
    <Filter Include="Archivos de código fuente\MUNDO\Personajes\Jugador">
      <UniqueIdentifier>{3f0e9ac3-06f3-4591-860a-5d26fe248796}</UniqueIdentifier>
    </Filter>
    <Filter Include="Archivos de código fuente\MUNDO\Personajes\Enemigos">
      <UniqueIdentifier>{dc5c6059-79ea-45ff-aa77-6308aae6de92}</UniqueIdentifier>
    </Filter>
    <Filter Include="Archivos de encabezado\MUNDO\Personajes\Enemigos">
      <UniqueIdentifier>{c6161637-8d45-4ece-8f2e-9f6cd9522196}</UniqueIdentifier>
    </Filter>
    <Filter Include="Archivos de encabezado\MUNDO\Entorno\Vidas">
      <UniqueIdentifier>{d33ac490-077d-4c4d-bb2f-5f58ef759637}</UniqueIdentifier>
    </Filter>
    <Filter Include="Archivos de código fuente\MUNDO\Entorno\Vidas">
      <UniqueIdentifier>{e7c5f438-4151-4828-abe3-1a982b548c2f}</UniqueIdentifier>
    </Filter>
    <Filter Include="Archivos de código fuente\MUNDO\Interacciones\BONUS">
      <UniqueIdentifier>{7b948786-d0e4-4dda-b96f-810beae6e401}</UniqueIdentifier>
    </Filter>
    <Filter Include="Archivos de encabezado\MUNDO\Interacciones\BONUS">
      <UniqueIdentifier>{4222dfd0-e36c-4870-afbf-611187190946}</UniqueIdentifier>
    </Filter>
  </ItemGroup>
</Project>